
Microsoft Visual Studio Solution File, Format Version 12.00
# Visual Studio Version 17
VisualStudioVersion = 17.5.33627.172
MinimumVisualStudioVersion = 10.0.40219.1
Project("{FAE04EC0-301F-11D3-BF4B-00C04F79EFBC}") = "ChattProg1", "ChattProg1\ChattProg1.csproj", "{31005519-B177-41C6-A022-9622DB669A31}"
EndProject
Global
	GlobalSection(SolutionConfigurationPlatforms) = preSolution
		Debug|Any CPU = Debug|Any CPU
		Release|Any CPU = Release|Any CPU
	EndGlobalSection
	GlobalSection(ProjectConfigurationPlatforms) = postSolution
		{31005519-B177-41C6-A022-9622DB669A31}.Debug|Any CPU.ActiveCfg = Debug|Any CPU
		{31005519-B177-41C6-A022-9622DB669A31}.Debug|Any CPU.Build.0 = Debug|Any CPU
		{31005519-B177-41C6-A022-9622DB669A31}.Release|Any CPU.ActiveCfg = Release|Any CPU
		{31005519-B177-41C6-A022-9622DB669A31}.Release|Any CPU.Build.0 = Release|Any CPU
	EndGlobalSection
	GlobalSection(SolutionProperties) = preSolution
		HideSolutionNode = FALSE
	EndGlobalSection
	GlobalSection(ExtensibilityGlobals) = postSolution
		SolutionGuid = {E868648C-93A5-4292-AEF4-3E140C068110}
	EndGlobalSection
EndGlobal
